
Microsoft Visual Studio Solution File, Format Version 11.00
# Visual Studio 2010
Project("{FAE04EC0-301F-11D3-BF4B-00C04F79EFBC}") = "freshavocado-master", "Assembly-CSharp.csproj", "{930F84D2-C2F9-7405-B02B-5E4F2221EA00}"
EndProject
Global
	GlobalSection(SolutionConfigurationPlatforms) = preSolution
		Debug|Any CPU = Debug|Any CPU
		Release|Any CPU = Release|Any CPU
	EndGlobalSection
	GlobalSection(ProjectConfigurationPlatforms) = postSolution
		{930F84D2-C2F9-7405-B02B-5E4F2221EA00}.Debug|Any CPU.ActiveCfg = Debug|Any CPU
		{930F84D2-C2F9-7405-B02B-5E4F2221EA00}.Debug|Any CPU.Build.0 = Debug|Any CPU
		{930F84D2-C2F9-7405-B02B-5E4F2221EA00}.Release|Any CPU.ActiveCfg = Release|Any CPU
		{930F84D2-C2F9-7405-B02B-5E4F2221EA00}.Release|Any CPU.Build.0 = Release|Any CPU
	EndGlobalSection
	GlobalSection(SolutionProperties) = preSolution
		HideSolutionNode = FALSE
	EndGlobalSection
	GlobalSection(MonoDevelopProperties) = preSolution
		StartupItem = Assembly-CSharp.csproj
	EndGlobalSection
EndGlobal
